
Microsoft Visual Studio Solution File, Format Version 12.00
# Visual Studio Version 17
VisualStudioVersion = 17.0.31903.59
MinimumVisualStudioVersion = 10.0.40219.1
Project("{2150E333-8FDC-42A3-9474-1A3956D46DE8}") = "src", "src", "{827E0CD3-B72D-47B6-A68D-7590B98EB39B}"
EndProject
Project("{FAE04EC0-301F-11D3-BF4B-00C04F79EFBC}") = "EasyLogistics.Telemetry.System.Core", "src\EasyLogistics.Telemetry.System.Core\EasyLogistics.Telemetry.System.Core.csproj", "{5523AA7A-EB77-4204-B715-0EC2CA4DC85D}"
EndProject
Project("{FAE04EC0-301F-11D3-BF4B-00C04F79EFBC}") = "EasyLogistics.Telemetry.System.Infrastructure", "src\EasyLogistics.Telemetry.System.Infrastructure\EasyLogistics.Telemetry.System.Infrastructure.csproj", "{6DC4F668-2F99-4E64-A662-BC1B9BBD1CB1}"
EndProject
Project("{FAE04EC0-301F-11D3-BF4B-00C04F79EFBC}") = "EasyLogistics.Telemetry.System.Web", "src\EasyLogistics.Telemetry.System.Web\EasyLogistics.Telemetry.System.Web.csproj", "{360B24DA-0F83-4661-A156-E4DA68394430}"
EndProject
Project("{2150E333-8FDC-42A3-9474-1A3956D46DE8}") = "tests", "tests", "{0AB3BF05-4346-4AA6-1389-037BE0695223}"
EndProject
Project("{FAE04EC0-301F-11D3-BF4B-00C04F79EFBC}") = "EasyLogistics.Telemetry.System.Tests", "tests\EasyLogistics.Telemetry.System.Tests\EasyLogistics.Telemetry.System.Tests.csproj", "{CD4519CD-6B2B-4D7A-B1E4-5D4F4169DD84}"
EndProject
Project("{2150E333-8FDC-42A3-9474-1A3956D46DE8}") = "EasyLogistics.Telemetry.System.Engine", "EasyLogistics.Telemetry.System.Engine", "{02EA681E-C7D8-13C7-8484-4AC65E1B71E8}"
	ProjectSection(SolutionItems) = preProject
		src\EasyLogistics.Telemetry.System.Engine\telemetry_engine.py = src\EasyLogistics.Telemetry.System.Engine\telemetry_engine.py
	EndProjectSection
EndProject
Global
	GlobalSection(SolutionConfigurationPlatforms) = preSolution
		Debug|Any CPU = Debug|Any CPU
		Debug|x64 = Debug|x64
		Debug|x86 = Debug|x86
		Release|Any CPU = Release|Any CPU
		Release|x64 = Release|x64
		Release|x86 = Release|x86
	EndGlobalSection
	GlobalSection(ProjectConfigurationPlatforms) = postSolution
		{5523AA7A-EB77-4204-B715-0EC2CA4DC85D}.Debug|Any CPU.ActiveCfg = Debug|Any CPU
		{5523AA7A-EB77-4204-B715-0EC2CA4DC85D}.Debug|Any CPU.Build.0 = Debug|Any CPU
		{5523AA7A-EB77-4204-B715-0EC2CA4DC85D}.Debug|x64.ActiveCfg = Debug|Any CPU
		{5523AA7A-EB77-4204-B715-0EC2CA4DC85D}.Debug|x64.Build.0 = Debug|Any CPU
		{5523AA7A-EB77-4204-B715-0EC2CA4DC85D}.Debug|x86.ActiveCfg = Debug|Any CPU
		{5523AA7A-EB77-4204-B715-0EC2CA4DC85D}.Debug|x86.Build.0 = Debug|Any CPU
		{5523AA7A-EB77-4204-B715-0EC2CA4DC85D}.Release|Any CPU.ActiveCfg = Release|Any CPU
		{5523AA7A-EB77-4204-B715-0EC2CA4DC85D}.Release|Any CPU.Build.0 = Release|Any CPU
		{5523AA7A-EB77-4204-B715-0EC2CA4DC85D}.Release|x64.ActiveCfg = Release|Any CPU
		{5523AA7A-EB77-4204-B715-0EC2CA4DC85D}.Release|x64.Build.0 = Release|Any CPU
		{5523AA7A-EB77-4204-B715-0EC2CA4DC85D}.Release|x86.ActiveCfg = Release|Any CPU
		{5523AA7A-EB77-4204-B715-0EC2CA4DC85D}.Release|x86.Build.0 = Release|Any CPU
		{6DC4F668-2F99-4E64-A662-BC1B9BBD1CB1}.Debug|Any CPU.ActiveCfg = Debug|Any CPU
		{6DC4F668-2F99-4E64-A662-BC1B9BBD1CB1}.Debug|Any CPU.Build.0 = Debug|Any CPU
		{6DC4F668-2F99-4E64-A662-BC1B9BBD1CB1}.Debug|x64.ActiveCfg = Debug|Any CPU
		{6DC4F668-2F99-4E64-A662-BC1B9BBD1CB1}.Debug|x64.Build.0 = Debug|Any CPU
		{6DC4F668-2F99-4E64-A662-BC1B9BBD1CB1}.Debug|x86.ActiveCfg = Debug|Any CPU
		{6DC4F668-2F99-4E64-A662-BC1B9BBD1CB1}.Debug|x86.Build.0 = Debug|Any CPU
		{6DC4F668-2F99-4E64-A662-BC1B9BBD1CB1}.Release|Any CPU.ActiveCfg = Release|Any CPU
		{6DC4F668-2F99-4E64-A662-BC1B9BBD1CB1}.Release|Any CPU.Build.0 = Release|Any CPU
		{6DC4F668-2F99-4E64-A662-BC1B9BBD1CB1}.Release|x64.ActiveCfg = Release|Any CPU
		{6DC4F668-2F99-4E64-A662-BC1B9BBD1CB1}.Release|x64.Build.0 = Release|Any CPU
		{6DC4F668-2F99-4E64-A662-BC1B9BBD1CB1}.Release|x86.ActiveCfg = Release|Any CPU
		{6DC4F668-2F99-4E64-A662-BC1B9BBD1CB1}.Release|x86.Build.0 = Release|Any CPU
		{360B24DA-0F83-4661-A156-E4DA68394430}.Debug|Any CPU.ActiveCfg = Debug|Any CPU
		{360B24DA-0F83-4661-A156-E4DA68394430}.Debug|Any CPU.Build.0 = Debug|Any CPU
		{360B24DA-0F83-4661-A156-E4DA68394430}.Debug|x64.ActiveCfg = Debug|Any CPU
		{360B24DA-0F83-4661-A156-E4DA68394430}.Debug|x64.Build.0 = Debug|Any CPU
		{360B24DA-0F83-4661-A156-E4DA68394430}.Debug|x86.ActiveCfg = Debug|Any CPU
		{360B24DA-0F83-4661-A156-E4DA68394430}.Debug|x86.Build.0 = Debug|Any CPU
		{360B24DA-0F83-4661-A156-E4DA68394430}.Release|Any CPU.ActiveCfg = Release|Any CPU
		{360B24DA-0F83-4661-A156-E4DA68394430}.Release|Any CPU.Build.0 = Release|Any CPU
		{360B24DA-0F83-4661-A156-E4DA68394430}.Release|x64.ActiveCfg = Release|Any CPU
		{360B24DA-0F83-4661-A156-E4DA68394430}.Release|x64.Build.0 = Release|Any CPU
		{360B24DA-0F83-4661-A156-E4DA68394430}.Release|x86.ActiveCfg = Release|Any CPU
		{360B24DA-0F83-4661-A156-E4DA68394430}.Release|x86.Build.0 = Release|Any CPU
		{CD4519CD-6B2B-4D7A-B1E4-5D4F4169DD84}.Debug|Any CPU.ActiveCfg = Debug|Any CPU
		{CD4519CD-6B2B-4D7A-B1E4-5D4F4169DD84}.Debug|Any CPU.Build.0 = Debug|Any CPU
		{CD4519CD-6B2B-4D7A-B1E4-5D4F4169DD84}.Debug|x64.ActiveCfg = Debug|Any CPU
		{CD4519CD-6B2B-4D7A-B1E4-5D4F4169DD84}.Debug|x64.Build.0 = Debug|Any CPU
		{CD4519CD-6B2B-4D7A-B1E4-5D4F4169DD84}.Debug|x86.ActiveCfg = Debug|Any CPU
		{CD4519CD-6B2B-4D7A-B1E4-5D4F4169DD84}.Debug|x86.Build.0 = Debug|Any CPU
		{CD4519CD-6B2B-4D7A-B1E4-5D4F4169DD84}.Release|Any CPU.ActiveCfg = Release|Any CPU
		{CD4519CD-6B2B-4D7A-B1E4-5D4F4169DD84}.Release|Any CPU.Build.0 = Release|Any CPU
		{CD4519CD-6B2B-4D7A-B1E4-5D4F4169DD84}.Release|x64.ActiveCfg = Release|Any CPU
		{CD4519CD-6B2B-4D7A-B1E4-5D4F4169DD84}.Release|x64.Build.0 = Release|Any CPU
		{CD4519CD-6B2B-4D7A-B1E4-5D4F4169DD84}.Release|x86.ActiveCfg = Release|Any CPU
		{CD4519CD-6B2B-4D7A-B1E4-5D4F4169DD84}.Release|x86.Build.0 = Release|Any CPU
	EndGlobalSection
	GlobalSection(SolutionProperties) = preSolution
		HideSolutionNode = FALSE
	EndGlobalSection
	GlobalSection(NestedProjects) = preSolution
		{5523AA7A-EB77-4204-B715-0EC2CA4DC85D} = {827E0CD3-B72D-47B6-A68D-7590B98EB39B}
		{6DC4F668-2F99-4E64-A662-BC1B9BBD1CB1} = {827E0CD3-B72D-47B6-A68D-7590B98EB39B}
		{360B24DA-0F83-4661-A156-E4DA68394430} = {827E0CD3-B72D-47B6-A68D-7590B98EB39B}
		{CD4519CD-6B2B-4D7A-B1E4-5D4F4169DD84} = {0AB3BF05-4346-4AA6-1389-037BE0695223}
		{02EA681E-C7D8-13C7-8484-4AC65E1B71E8} = {827E0CD3-B72D-47B6-A68D-7590B98EB39B}
	EndGlobalSection
	GlobalSection(ExtensibilityGlobals) = postSolution
		SolutionGuid = {C6E581AD-E999-462D-AACD-6D08E7F36158}
	EndGlobalSection
EndGlobal
